
Microsoft Visual Studio Solution File, Format Version 12.00
# Visual Studio Version 16
VisualStudioVersion = 16.0.31129.286
MinimumVisualStudioVersion = 10.0.40219.1
Project("{8BC9CEB8-8B4A-11D0-8D11-00A0C91BC942}") = "チーム制作 後期3回", "チーム制作 後期3回\チーム制作 後期3回.vcxproj", "{73CC59C1-2824-4372-8874-DB4DF9DE1078}"
EndProject
Global
	GlobalSection(SolutionConfigurationPlatforms) = preSolution
		Debug|x64 = Debug|x64
		Debug|x86 = Debug|x86
		Release|x64 = Release|x64
		Release|x86 = Release|x86
	EndGlobalSection
	GlobalSection(ProjectConfigurationPlatforms) = postSolution
		{73CC59C1-2824-4372-8874-DB4DF9DE1078}.Debug|x64.ActiveCfg = Debug|x64
		{73CC59C1-2824-4372-8874-DB4DF9DE1078}.Debug|x64.Build.0 = Debug|x64
		{73CC59C1-2824-4372-8874-DB4DF9DE1078}.Debug|x86.ActiveCfg = Debug|Win32
		{73CC59C1-2824-4372-8874-DB4DF9DE1078}.Debug|x86.Build.0 = Debug|Win32
		{73CC59C1-2824-4372-8874-DB4DF9DE1078}.Release|x64.ActiveCfg = Release|x64
		{73CC59C1-2824-4372-8874-DB4DF9DE1078}.Release|x64.Build.0 = Release|x64
		{73CC59C1-2824-4372-8874-DB4DF9DE1078}.Release|x86.ActiveCfg = Release|Win32
		{73CC59C1-2824-4372-8874-DB4DF9DE1078}.Release|x86.Build.0 = Release|Win32
	EndGlobalSection
	GlobalSection(SolutionProperties) = preSolution
		HideSolutionNode = FALSE
	EndGlobalSection
	GlobalSection(ExtensibilityGlobals) = postSolution
		SolutionGuid = {08E5C04B-A281-4464-8B34-44C4BDE198FC}
	EndGlobalSection
EndGlobal
